// !$*UTF8*$!
{
	archiveVersion = 1;
	classes = {
	};
	objectVersion = 55;
	objects = {

/* Begin PBXBuildFile section */
		632FA1DA28DDEFD600850BD4 /* TestTaskApp.swift in Sources */ = {isa = PBXBuildFile; fileRef = 632FA1D928DDEFD600850BD4 /* TestTaskApp.swift */; };
		632FA1DC28DDEFD600850BD4 /* MainView.swift in Sources */ = {isa = PBXBuildFile; fileRef = 632FA1DB28DDEFD600850BD4 /* MainView.swift */; };
		632FA1DE28DDEFDA00850BD4 /* Assets.xcassets in Resources */ = {isa = PBXBuildFile; fileRef = 632FA1DD28DDEFDA00850BD4 /* Assets.xcassets */; };
		632FA1E128DDEFDA00850BD4 /* Preview Assets.xcassets in Resources */ = {isa = PBXBuildFile; fileRef = 632FA1E028DDEFDA00850BD4 /* Preview Assets.xcassets */; };
		632FA1EF28DDFA4E00850BD4 /* MainViewModel.swift in Sources */ = {isa = PBXBuildFile; fileRef = 632FA1EE28DDFA4E00850BD4 /* MainViewModel.swift */; };
		632FA1F628DDFEAD00850BD4 /* People.swift in Sources */ = {isa = PBXBuildFile; fileRef = 632FA1F528DDFEAD00850BD4 /* People.swift */; };
		632FA1FF28DE211E00850BD4 /* SwiftJWT in Frameworks */ = {isa = PBXBuildFile; productRef = 632FA1FE28DE211E00850BD4 /* SwiftJWT */; };
		632FA20128DE335C00850BD4 /* NetworkRequestExecutor.swift in Sources */ = {isa = PBXBuildFile; fileRef = 632FA20028DE335C00850BD4 /* NetworkRequestExecutor.swift */; };
		632FA20428DE337C00850BD4 /* Alamofire in Frameworks */ = {isa = PBXBuildFile; productRef = 632FA20328DE337C00850BD4 /* Alamofire */; };
		632FA20728DE33F500850BD4 /* APIService.swift in Sources */ = {isa = PBXBuildFile; fileRef = 632FA20628DE33F500850BD4 /* APIService.swift */; };
		632FA20A28DE37DC00850BD4 /* String.swift in Sources */ = {isa = PBXBuildFile; fileRef = 632FA20928DE37DC00850BD4 /* String.swift */; };
		632FA20C28DE3B7200850BD4 /* PeopleDetails.swift in Sources */ = {isa = PBXBuildFile; fileRef = 632FA20B28DE3B7200850BD4 /* PeopleDetails.swift */; };
		632FA20F28DE3D8800850BD4 /* DetailsView.swift in Sources */ = {isa = PBXBuildFile; fileRef = 632FA20E28DE3D8800850BD4 /* DetailsView.swift */; };
		632FA21228DE41F600850BD4 /* Person.swift in Sources */ = {isa = PBXBuildFile; fileRef = 632FA21128DE41F600850BD4 /* Person.swift */; };
		63A9C35528DE8AF80016E417 /* MainViewTests.swift in Sources */ = {isa = PBXBuildFile; fileRef = 63A9C35428DE8AF80016E417 /* MainViewTests.swift */; };
		63A9C35828DE8B640016E417 /* ViewInspector in Frameworks */ = {isa = PBXBuildFile; productRef = 63A9C35728DE8B640016E417 /* ViewInspector */; };
		63A9C35A28DE90AA0016E417 /* DetailsViewTests.swift in Sources */ = {isa = PBXBuildFile; fileRef = 63A9C35928DE90AA0016E417 /* DetailsViewTests.swift */; };
/* End PBXBuildFile section */

/* Begin PBXContainerItemProxy section */
		63A9C34E28DE8ACF0016E417 /* PBXContainerItemProxy */ = {
			isa = PBXContainerItemProxy;
			containerPortal = 632FA1CE28DDEFD600850BD4 /* Project object */;
			proxyType = 1;
			remoteGlobalIDString = 632FA1D528DDEFD600850BD4;
			remoteInfo = TestTask;
		};
/* End PBXContainerItemProxy section */

/* Begin PBXFileReference section */
		632FA1D628DDEFD600850BD4 /* TestTask.app */ = {isa = PBXFileReference; explicitFileType = wrapper.application; includeInIndex = 0; path = TestTask.app; sourceTree = BUILT_PRODUCTS_DIR; };
		632FA1D928DDEFD600850BD4 /* TestTaskApp.swift */ = {isa = PBXFileReference; lastKnownFileType = sourcecode.swift; path = TestTaskApp.swift; sourceTree = "<group>"; };
		632FA1DB28DDEFD600850BD4 /* MainView.swift */ = {isa = PBXFileReference; lastKnownFileType = sourcecode.swift; path = MainView.swift; sourceTree = "<group>"; };
		632FA1DD28DDEFDA00850BD4 /* Assets.xcassets */ = {isa = PBXFileReference; lastKnownFileType = folder.assetcatalog; path = Assets.xcassets; sourceTree = "<group>"; };
		632FA1E028DDEFDA00850BD4 /* Preview Assets.xcassets */ = {isa = PBXFileReference; lastKnownFileType = folder.assetcatalog; path = "Preview Assets.xcassets"; sourceTree = "<group>"; };
		632FA1EE28DDFA4E00850BD4 /* MainViewModel.swift */ = {isa = PBXFileReference; lastKnownFileType = sourcecode.swift; path = MainViewModel.swift; sourceTree = "<group>"; };
		632FA1F528DDFEAD00850BD4 /* People.swift */ = {isa = PBXFileReference; lastKnownFileType = sourcecode.swift; path = People.swift; sourceTree = "<group>"; };
		632FA20028DE335C00850BD4 /* NetworkRequestExecutor.swift */ = {isa = PBXFileReference; lastKnownFileType = sourcecode.swift; path = NetworkRequestExecutor.swift; sourceTree = "<group>"; };
		632FA20628DE33F500850BD4 /* APIService.swift */ = {isa = PBXFileReference; lastKnownFileType = sourcecode.swift; path = APIService.swift; sourceTree = "<group>"; };
		632FA20928DE37DC00850BD4 /* String.swift */ = {isa = PBXFileReference; lastKnownFileType = sourcecode.swift; path = String.swift; sourceTree = "<group>"; };
		632FA20B28DE3B7200850BD4 /* PeopleDetails.swift */ = {isa = PBXFileReference; lastKnownFileType = sourcecode.swift; path = PeopleDetails.swift; sourceTree = "<group>"; };
		632FA20E28DE3D8800850BD4 /* DetailsView.swift */ = {isa = PBXFileReference; lastKnownFileType = sourcecode.swift; path = DetailsView.swift; sourceTree = "<group>"; };
		632FA21128DE41F600850BD4 /* Person.swift */ = {isa = PBXFileReference; lastKnownFileType = sourcecode.swift; path = Person.swift; sourceTree = "<group>"; };
		63A9C34A28DE8ACF0016E417 /* TestTaskTests.xctest */ = {isa = PBXFileReference; explicitFileType = wrapper.cfbundle; includeInIndex = 0; path = TestTaskTests.xctest; sourceTree = BUILT_PRODUCTS_DIR; };
		63A9C35428DE8AF80016E417 /* MainViewTests.swift */ = {isa = PBXFileReference; lastKnownFileType = sourcecode.swift; path = MainViewTests.swift; sourceTree = "<group>"; };
		63A9C35928DE90AA0016E417 /* DetailsViewTests.swift */ = {isa = PBXFileReference; lastKnownFileType = sourcecode.swift; path = DetailsViewTests.swift; sourceTree = "<group>"; };
/* End PBXFileReference section */

/* Begin PBXFrameworksBuildPhase section */
		632FA1D328DDEFD600850BD4 /* Frameworks */ = {
			isa = PBXFrameworksBuildPhase;
			buildActionMask = 2147483647;
			files = (
				632FA1FF28DE211E00850BD4 /* SwiftJWT in Frameworks */,
				632FA20428DE337C00850BD4 /* Alamofire in Frameworks */,
			);
			runOnlyForDeploymentPostprocessing = 0;
		};
		63A9C34728DE8ACF0016E417 /* Frameworks */ = {
			isa = PBXFrameworksBuildPhase;
			buildActionMask = 2147483647;
			files = (
				63A9C35828DE8B640016E417 /* ViewInspector in Frameworks */,
			);
			runOnlyForDeploymentPostprocessing = 0;
		};
/* End PBXFrameworksBuildPhase section */

/* Begin PBXGroup section */
		632FA1CD28DDEFD600850BD4 = {
			isa = PBXGroup;
			children = (
				632FA1D828DDEFD600850BD4 /* TestTask */,
				63A9C34B28DE8ACF0016E417 /* TestTaskTests */,
				632FA1D728DDEFD600850BD4 /* Products */,
			);
			sourceTree = "<group>";
		};
		632FA1D728DDEFD600850BD4 /* Products */ = {
			isa = PBXGroup;
			children = (
				632FA1D628DDEFD600850BD4 /* TestTask.app */,
				63A9C34A28DE8ACF0016E417 /* TestTaskTests.xctest */,
			);
			name = Products;
			sourceTree = "<group>";
		};
		632FA1D828DDEFD600850BD4 /* TestTask */ = {
			isa = PBXGroup;
			children = (
				632FA1D928DDEFD600850BD4 /* TestTaskApp.swift */,
				632FA20D28DE3D7100850BD4 /* Views */,
				632FA1F428DDFE9E00850BD4 /* Models */,
				632FA1ED28DDFA3700850BD4 /* ViewModels */,
				632FA1E728DDF02A00850BD4 /* Services */,
				632FA20828DE37CD00850BD4 /* Extensions */,
				632FA1DD28DDEFDA00850BD4 /* Assets.xcassets */,
				632FA1DF28DDEFDA00850BD4 /* Preview Content */,
			);
			path = TestTask;
			sourceTree = "<group>";
		};
		632FA1DF28DDEFDA00850BD4 /* Preview Content */ = {
			isa = PBXGroup;
			children = (
				632FA1E028DDEFDA00850BD4 /* Preview Assets.xcassets */,
			);
			path = "Preview Content";
			sourceTree = "<group>";
		};
		632FA1E728DDF02A00850BD4 /* Services */ = {
			isa = PBXGroup;
			children = (
				632FA20628DE33F500850BD4 /* APIService.swift */,
				632FA20028DE335C00850BD4 /* NetworkRequestExecutor.swift */,
			);
			path = Services;
			sourceTree = "<group>";
		};
		632FA1ED28DDFA3700850BD4 /* ViewModels */ = {
			isa = PBXGroup;
			children = (
				632FA1EE28DDFA4E00850BD4 /* MainViewModel.swift */,
			);
			path = ViewModels;
			sourceTree = "<group>";
		};
		632FA1F428DDFE9E00850BD4 /* Models */ = {
			isa = PBXGroup;
			children = (
				632FA1F528DDFEAD00850BD4 /* People.swift */,
				632FA20B28DE3B7200850BD4 /* PeopleDetails.swift */,
				632FA21128DE41F600850BD4 /* Person.swift */,
			);
			path = Models;
			sourceTree = "<group>";
		};
		632FA20828DE37CD00850BD4 /* Extensions */ = {
			isa = PBXGroup;
			children = (
				632FA20928DE37DC00850BD4 /* String.swift */,
			);
			path = Extensions;
			sourceTree = "<group>";
		};
		632FA20D28DE3D7100850BD4 /* Views */ = {
			isa = PBXGroup;
			children = (
				632FA1DB28DDEFD600850BD4 /* MainView.swift */,
				632FA20E28DE3D8800850BD4 /* DetailsView.swift */,
			);
			path = Views;
			sourceTree = "<group>";
		};
		63A9C34B28DE8ACF0016E417 /* TestTaskTests */ = {
			isa = PBXGroup;
			children = (
				63A9C35328DE8AE90016E417 /* Views */,
			);
			path = TestTaskTests;
			sourceTree = "<group>";
		};
		63A9C35328DE8AE90016E417 /* Views */ = {
			isa = PBXGroup;
			children = (
				63A9C35428DE8AF80016E417 /* MainViewTests.swift */,
				63A9C35928DE90AA0016E417 /* DetailsViewTests.swift */,
			);
			path = Views;
			sourceTree = "<group>";
		};
/* End PBXGroup section */

/* Begin PBXNativeTarget section */
		632FA1D528DDEFD600850BD4 /* TestTask */ = {
			isa = PBXNativeTarget;
			buildConfigurationList = 632FA1E428DDEFDA00850BD4 /* Build configuration list for PBXNativeTarget "TestTask" */;
			buildPhases = (
				632FA1D228DDEFD600850BD4 /* Sources */,
				632FA1D328DDEFD600850BD4 /* Frameworks */,
				632FA1D428DDEFD600850BD4 /* Resources */,
				632FA21328DE59B000850BD4 /* SwiftLint */,
			);
			buildRules = (
			);
			dependencies = (
			);
			name = TestTask;
			packageProductDependencies = (
				632FA1FE28DE211E00850BD4 /* SwiftJWT */,
				632FA20328DE337C00850BD4 /* Alamofire */,
			);
			productName = TestTask;
			productReference = 632FA1D628DDEFD600850BD4 /* TestTask.app */;
			productType = "com.apple.product-type.application";
		};
		63A9C34928DE8ACF0016E417 /* TestTaskTests */ = {
			isa = PBXNativeTarget;
			buildConfigurationList = 63A9C35028DE8ACF0016E417 /* Build configuration list for PBXNativeTarget "TestTaskTests" */;
			buildPhases = (
				63A9C34628DE8ACF0016E417 /* Sources */,
				63A9C34728DE8ACF0016E417 /* Frameworks */,
				63A9C34828DE8ACF0016E417 /* Resources */,
			);
			buildRules = (
			);
			dependencies = (
				63A9C34F28DE8ACF0016E417 /* PBXTargetDependency */,
			);
			name = TestTaskTests;
			packageProductDependencies = (
				63A9C35728DE8B640016E417 /* ViewInspector */,
			);
			productName = TestTaskTests;
			productReference = 63A9C34A28DE8ACF0016E417 /* TestTaskTests.xctest */;
			productType = "com.apple.product-type.bundle.unit-test";
		};
/* End PBXNativeTarget section */

/* Begin PBXProject section */
		632FA1CE28DDEFD600850BD4 /* Project object */ = {
			isa = PBXProject;
			attributes = {
				BuildIndependentTargetsInParallel = 1;
				LastSwiftUpdateCheck = 1340;
				LastUpgradeCheck = 1340;
				TargetAttributes = {
					632FA1D528DDEFD600850BD4 = {
						CreatedOnToolsVersion = 13.4.1;
					};
					63A9C34928DE8ACF0016E417 = {
						CreatedOnToolsVersion = 13.4.1;
						TestTargetID = 632FA1D528DDEFD600850BD4;
					};
				};
			};
			buildConfigurationList = 632FA1D128DDEFD600850BD4 /* Build configuration list for PBXProject "TestTask" */;
			compatibilityVersion = "Xcode 13.0";
			developmentRegion = en;
			hasScannedForEncodings = 0;
			knownRegions = (
				en,
				Base,
			);
			mainGroup = 632FA1CD28DDEFD600850BD4;
			packageReferences = (
				632FA1FD28DE211E00850BD4 /* XCRemoteSwiftPackageReference "Swift-JWT" */,
				632FA20228DE337C00850BD4 /* XCRemoteSwiftPackageReference "Alamofire" */,
				63A9C35628DE8B640016E417 /* XCRemoteSwiftPackageReference "ViewInspector" */,
			);
			productRefGroup = 632FA1D728DDEFD600850BD4 /* Products */;
			projectDirPath = "";
			projectRoot = "";
			targets = (
				632FA1D528DDEFD600850BD4 /* TestTask */,
				63A9C34928DE8ACF0016E417 /* TestTaskTests */,
			);
		};
/* End PBXProject section */

/* Begin PBXResourcesBuildPhase section */
		632FA1D428DDEFD600850BD4 /* Resources */ = {
			isa = PBXResourcesBuildPhase;
			buildActionMask = 2147483647;
			files = (
				632FA1E128DDEFDA00850BD4 /* Preview Assets.xcassets in Resources */,
				632FA1DE28DDEFDA00850BD4 /* Assets.xcassets in Resources */,
			);
			runOnlyForDeploymentPostprocessing = 0;
		};
		63A9C34828DE8ACF0016E417 /* Resources */ = {
			isa = PBXResourcesBuildPhase;
			buildActionMask = 2147483647;
			files = (
			);
			runOnlyForDeploymentPostprocessing = 0;
		};
/* End PBXResourcesBuildPhase section */

/* Begin PBXShellScriptBuildPhase section */
		632FA21328DE59B000850BD4 /* SwiftLint */ = {
			isa = PBXShellScriptBuildPhase;
			buildActionMask = 2147483647;
			files = (
			);
			inputFileListPaths = (
			);
			inputPaths = (
			);
			name = SwiftLint;
			outputFileListPaths = (
			);
			outputPaths = (
			);
			runOnlyForDeploymentPostprocessing = 0;
			shellPath = /bin/sh;
			shellScript = "export PATH=\"$PATH:/opt/homebrew/bin\"\n\nif which swiftlint >/dev/null; then\n  swiftlint\nelse\n  echo \"warning: SwiftLint not installed, download from https://github.com/realm/SwiftLint\"\nfi\n";
		};
/* End PBXShellScriptBuildPhase section */

/* Begin PBXSourcesBuildPhase section */
		632FA1D228DDEFD600850BD4 /* Sources */ = {
			isa = PBXSourcesBuildPhase;
			buildActionMask = 2147483647;
			files = (
				632FA21228DE41F600850BD4 /* Person.swift in Sources */,
				632FA20728DE33F500850BD4 /* APIService.swift in Sources */,
				632FA20C28DE3B7200850BD4 /* PeopleDetails.swift in Sources */,
				632FA20F28DE3D8800850BD4 /* DetailsView.swift in Sources */,
				632FA1DC28DDEFD600850BD4 /* MainView.swift in Sources */,
				632FA1DA28DDEFD600850BD4 /* TestTaskApp.swift in Sources */,
				632FA20128DE335C00850BD4 /* NetworkRequestExecutor.swift in Sources */,
				632FA1EF28DDFA4E00850BD4 /* MainViewModel.swift in Sources */,
				632FA20A28DE37DC00850BD4 /* String.swift in Sources */,
				632FA1F628DDFEAD00850BD4 /* People.swift in Sources */,
			);
			runOnlyForDeploymentPostprocessing = 0;
		};
		63A9C34628DE8ACF0016E417 /* Sources */ = {
			isa = PBXSourcesBuildPhase;
			buildActionMask = 2147483647;
			files = (
				63A9C35528DE8AF80016E417 /* MainViewTests.swift in Sources */,
				63A9C35A28DE90AA0016E417 /* DetailsViewTests.swift in Sources */,
			);
			runOnlyForDeploymentPostprocessing = 0;
		};
/* End PBXSourcesBuildPhase section */

/* Begin PBXTargetDependency section */
		63A9C34F28DE8ACF0016E417 /* PBXTargetDependency */ = {
			isa = PBXTargetDependency;
			target = 632FA1D528DDEFD600850BD4 /* TestTask */;
			targetProxy = 63A9C34E28DE8ACF0016E417 /* PBXContainerItemProxy */;
		};
/* End PBXTargetDependency section */

/* Begin XCBuildConfiguration section */
		632FA1E228DDEFDA00850BD4 /* Debug */ = {
			isa = XCBuildConfiguration;
			buildSettings = {
				ALWAYS_SEARCH_USER_PATHS = NO;
				CLANG_ANALYZER_NONNULL = YES;
				CLANG_ANALYZER_NUMBER_OBJECT_CONVERSION = YES_AGGRESSIVE;
				CLANG_CXX_LANGUAGE_STANDARD = "gnu++17";
				CLANG_ENABLE_MODULES = YES;
				CLANG_ENABLE_OBJC_ARC = YES;
				CLANG_ENABLE_OBJC_WEAK = YES;
				CLANG_WARN_BLOCK_CAPTURE_AUTORELEASING = YES;
				CLANG_WARN_BOOL_CONVERSION = YES;
				CLANG_WARN_COMMA = YES;
				CLANG_WARN_CONSTANT_CONVERSION = YES;
				CLANG_WARN_DEPRECATED_OBJC_IMPLEMENTATIONS = YES;
				CLANG_WARN_DIRECT_OBJC_ISA_USAGE = YES_ERROR;
				CLANG_WARN_DOCUMENTATION_COMMENTS = YES;
				CLANG_WARN_EMPTY_BODY = YES;
				CLANG_WARN_ENUM_CONVERSION = YES;
				CLANG_WARN_INFINITE_RECURSION = YES;
				CLANG_WARN_INT_CONVERSION = YES;
				CLANG_WARN_NON_LITERAL_NULL_CONVERSION = YES;
				CLANG_WARN_OBJC_IMPLICIT_RETAIN_SELF = YES;
				CLANG_WARN_OBJC_LITERAL_CONVERSION = YES;
				CLANG_WARN_OBJC_ROOT_CLASS = YES_ERROR;
				CLANG_WARN_QUOTED_INCLUDE_IN_FRAMEWORK_HEADER = YES;
				CLANG_WARN_RANGE_LOOP_ANALYSIS = YES;
				CLANG_WARN_STRICT_PROTOTYPES = YES;
				CLANG_WARN_SUSPICIOUS_MOVE = YES;
				CLANG_WARN_UNGUARDED_AVAILABILITY = YES_AGGRESSIVE;
				CLANG_WARN_UNREACHABLE_CODE = YES;
				CLANG_WARN__DUPLICATE_METHOD_MATCH = YES;
				COPY_PHASE_STRIP = NO;
				DEBUG_INFORMATION_FORMAT = dwarf;
				ENABLE_STRICT_OBJC_MSGSEND = YES;
				ENABLE_TESTABILITY = YES;
				GCC_C_LANGUAGE_STANDARD = gnu11;
				GCC_DYNAMIC_NO_PIC = NO;
				GCC_NO_COMMON_BLOCKS = YES;
				GCC_OPTIMIZATION_LEVEL = 0;
				GCC_PREPROCESSOR_DEFINITIONS = (
					"DEBUG=1",
					"$(inherited)",
				);
				GCC_WARN_64_TO_32_BIT_CONVERSION = YES;
				GCC_WARN_ABOUT_RETURN_TYPE = YES_ERROR;
				GCC_WARN_UNDECLARED_SELECTOR = YES;
				GCC_WARN_UNINITIALIZED_AUTOS = YES_AGGRESSIVE;
				GCC_WARN_UNUSED_FUNCTION = YES;
				GCC_WARN_UNUSED_VARIABLE = YES;
				IPHONEOS_DEPLOYMENT_TARGET = 15.5;
				MTL_ENABLE_DEBUG_INFO = INCLUDE_SOURCE;
				MTL_FAST_MATH = YES;
				ONLY_ACTIVE_ARCH = YES;
				SDKROOT = iphoneos;
				SWIFT_ACTIVE_COMPILATION_CONDITIONS = DEBUG;
				SWIFT_OPTIMIZATION_LEVEL = "-Onone";
			};
			name = Debug;
		};
		632FA1E328DDEFDA00850BD4 /* Release */ = {
			isa = XCBuildConfiguration;
			buildSettings = {
				ALWAYS_SEARCH_USER_PATHS = NO;
				CLANG_ANALYZER_NONNULL = YES;
				CLANG_ANALYZER_NUMBER_OBJECT_CONVERSION = YES_AGGRESSIVE;
				CLANG_CXX_LANGUAGE_STANDARD = "gnu++17";
				CLANG_ENABLE_MODULES = YES;
				CLANG_ENABLE_OBJC_ARC = YES;
				CLANG_ENABLE_OBJC_WEAK = YES;
				CLANG_WARN_BLOCK_CAPTURE_AUTORELEASING = YES;
				CLANG_WARN_BOOL_CONVERSION = YES;
				CLANG_WARN_COMMA = YES;
				CLANG_WARN_CONSTANT_CONVERSION = YES;
				CLANG_WARN_DEPRECATED_OBJC_IMPLEMENTATIONS = YES;
				CLANG_WARN_DIRECT_OBJC_ISA_USAGE = YES_ERROR;
				CLANG_WARN_DOCUMENTATION_COMMENTS = YES;
				CLANG_WARN_EMPTY_BODY = YES;
				CLANG_WARN_ENUM_CONVERSION = YES;
				CLANG_WARN_INFINITE_RECURSION = YES;
				CLANG_WARN_INT_CONVERSION = YES;
				CLANG_WARN_NON_LITERAL_NULL_CONVERSION = YES;
				CLANG_WARN_OBJC_IMPLICIT_RETAIN_SELF = YES;
				CLANG_WARN_OBJC_LITERAL_CONVERSION = YES;
				CLANG_WARN_OBJC_ROOT_CLASS = YES_ERROR;
				CLANG_WARN_QUOTED_INCLUDE_IN_FRAMEWORK_HEADER = YES;
				CLANG_WARN_RANGE_LOOP_ANALYSIS = YES;
				CLANG_WARN_STRICT_PROTOTYPES = YES;
				CLANG_WARN_SUSPICIOUS_MOVE = YES;
				CLANG_WARN_UNGUARDED_AVAILABILITY = YES_AGGRESSIVE;
				CLANG_WARN_UNREACHABLE_CODE = YES;
				CLANG_WARN__DUPLICATE_METHOD_MATCH = YES;
				COPY_PHASE_STRIP = NO;
				DEBUG_INFORMATION_FORMAT = "dwarf-with-dsym";
				ENABLE_NS_ASSERTIONS = NO;
				ENABLE_STRICT_OBJC_MSGSEND = YES;
				GCC_C_LANGUAGE_STANDARD = gnu11;
				GCC_NO_COMMON_BLOCKS = YES;
				GCC_WARN_64_TO_32_BIT_CONVERSION = YES;
				GCC_WARN_ABOUT_RETURN_TYPE = YES_ERROR;
				GCC_WARN_UNDECLARED_SELECTOR = YES;
				GCC_WARN_UNINITIALIZED_AUTOS = YES_AGGRESSIVE;
				GCC_WARN_UNUSED_FUNCTION = YES;
				GCC_WARN_UNUSED_VARIABLE = YES;
				IPHONEOS_DEPLOYMENT_TARGET = 15.5;
				MTL_ENABLE_DEBUG_INFO = NO;
				MTL_FAST_MATH = YES;
				SDKROOT = iphoneos;
				SWIFT_COMPILATION_MODE = wholemodule;
				SWIFT_OPTIMIZATION_LEVEL = "-O";
				VALIDATE_PRODUCT = YES;
			};
			name = Release;
		};
		632FA1E528DDEFDA00850BD4 /* Debug */ = {
			isa = XCBuildConfiguration;
			buildSettings = {
				ASSETCATALOG_COMPILER_APPICON_NAME = AppIcon;
				ASSETCATALOG_COMPILER_GLOBAL_ACCENT_COLOR_NAME = AccentColor;
				CODE_SIGN_STYLE = Automatic;
				CURRENT_PROJECT_VERSION = 1;
				DEVELOPMENT_ASSET_PATHS = "\"TestTask/Preview Content\"";
				DEVELOPMENT_TEAM = 9845XQR5VW;
				ENABLE_PREVIEWS = YES;
				GENERATE_INFOPLIST_FILE = YES;
				INFOPLIST_KEY_UIApplicationSceneManifest_Generation = YES;
				INFOPLIST_KEY_UIApplicationSupportsIndirectInputEvents = YES;
				INFOPLIST_KEY_UILaunchScreen_Generation = YES;
				INFOPLIST_KEY_UISupportedInterfaceOrientations_iPad = "UIInterfaceOrientationPortrait UIInterfaceOrientationPortraitUpsideDown UIInterfaceOrientationLandscapeLeft UIInterfaceOrientationLandscapeRight";
				INFOPLIST_KEY_UISupportedInterfaceOrientations_iPhone = "UIInterfaceOrientationPortrait UIInterfaceOrientationLandscapeLeft UIInterfaceOrientationLandscapeRight";
				LD_RUNPATH_SEARCH_PATHS = (
					"$(inherited)",
					"@executable_path/Frameworks",
				);
				MARKETING_VERSION = 1.0;
				PRODUCT_BUNDLE_IDENTIFIER = jarvist.TestTask;
				PRODUCT_NAME = "$(TARGET_NAME)";
				SWIFT_EMIT_LOC_STRINGS = YES;
				SWIFT_VERSION = 5.0;
				TARGETED_DEVICE_FAMILY = "1,2";
			};
			name = Debug;
		};
		632FA1E628DDEFDA00850BD4 /* Release */ = {
			isa = XCBuildConfiguration;
			buildSettings = {
				ASSETCATALOG_COMPILER_APPICON_NAME = AppIcon;
				ASSETCATALOG_COMPILER_GLOBAL_ACCENT_COLOR_NAME = AccentColor;
				CODE_SIGN_STYLE = Automatic;
				CURRENT_PROJECT_VERSION = 1;
				DEVELOPMENT_ASSET_PATHS = "\"TestTask/Preview Content\"";
				DEVELOPMENT_TEAM = 9845XQR5VW;
				ENABLE_PREVIEWS = YES;
				GENERATE_INFOPLIST_FILE = YES;
				INFOPLIST_KEY_UIApplicationSceneManifest_Generation = YES;
				INFOPLIST_KEY_UIApplicationSupportsIndirectInputEvents = YES;
				INFOPLIST_KEY_UILaunchScreen_Generation = YES;
				INFOPLIST_KEY_UISupportedInterfaceOrientations_iPad = "UIInterfaceOrientationPortrait UIInterfaceOrientationPortraitUpsideDown UIInterfaceOrientationLandscapeLeft UIInterfaceOrientationLandscapeRight";
				INFOPLIST_KEY_UISupportedInterfaceOrientations_iPhone = "UIInterfaceOrientationPortrait UIInterfaceOrientationLandscapeLeft UIInterfaceOrientationLandscapeRight";
				LD_RUNPATH_SEARCH_PATHS = (
					"$(inherited)",
					"@executable_path/Frameworks",
				);
				MARKETING_VERSION = 1.0;
				PRODUCT_BUNDLE_IDENTIFIER = jarvist.TestTask;
				PRODUCT_NAME = "$(TARGET_NAME)";
				SWIFT_EMIT_LOC_STRINGS = YES;
				SWIFT_VERSION = 5.0;
				TARGETED_DEVICE_FAMILY = "1,2";
			};
			name = Release;
		};
		63A9C35128DE8ACF0016E417 /* Debug */ = {
			isa = XCBuildConfiguration;
			buildSettings = {
				BUNDLE_LOADER = "$(TEST_HOST)";
				CODE_SIGN_STYLE = Automatic;
				CURRENT_PROJECT_VERSION = 1;
				DEVELOPMENT_TEAM = 9845XQR5VW;
				GENERATE_INFOPLIST_FILE = YES;
				MARKETING_VERSION = 1.0;
				PRODUCT_BUNDLE_IDENTIFIER = jarvist.TestTaskTests;
				PRODUCT_NAME = "$(TARGET_NAME)";
				SWIFT_EMIT_LOC_STRINGS = NO;
				SWIFT_VERSION = 5.0;
				TARGETED_DEVICE_FAMILY = "1,2";
				TEST_HOST = "$(BUILT_PRODUCTS_DIR)/TestTask.app/TestTask";
			};
			name = Debug;
		};
		63A9C35228DE8ACF0016E417 /* Release */ = {
			isa = XCBuildConfiguration;
			buildSettings = {
				BUNDLE_LOADER = "$(TEST_HOST)";
				CODE_SIGN_STYLE = Automatic;
				CURRENT_PROJECT_VERSION = 1;
				DEVELOPMENT_TEAM = 9845XQR5VW;
				GENERATE_INFOPLIST_FILE = YES;
				MARKETING_VERSION = 1.0;
				PRODUCT_BUNDLE_IDENTIFIER = jarvist.TestTaskTests;
				PRODUCT_NAME = "$(TARGET_NAME)";
				SWIFT_EMIT_LOC_STRINGS = NO;
				SWIFT_VERSION = 5.0;
				TARGETED_DEVICE_FAMILY = "1,2";
				TEST_HOST = "$(BUILT_PRODUCTS_DIR)/TestTask.app/TestTask";
			};
			name = Release;
		};
/* End XCBuildConfiguration section */

/* Begin XCConfigurationList section */
		632FA1D128DDEFD600850BD4 /* Build configuration list for PBXProject "TestTask" */ = {
			isa = XCConfigurationList;
			buildConfigurations = (
				632FA1E228DDEFDA00850BD4 /* Debug */,
				632FA1E328DDEFDA00850BD4 /* Release */,
			);
			defaultConfigurationIsVisible = 0;
			defaultConfigurationName = Release;
		};
		632FA1E428DDEFDA00850BD4 /* Build configuration list for PBXNativeTarget "TestTask" */ = {
			isa = XCConfigurationList;
			buildConfigurations = (
				632FA1E528DDEFDA00850BD4 /* Debug */,
				632FA1E628DDEFDA00850BD4 /* Release */,
			);
			defaultConfigurationIsVisible = 0;
			defaultConfigurationName = Release;
		};
		63A9C35028DE8ACF0016E417 /* Build configuration list for PBXNativeTarget "TestTaskTests" */ = {
			isa = XCConfigurationList;
			buildConfigurations = (
				63A9C35128DE8ACF0016E417 /* Debug */,
				63A9C35228DE8ACF0016E417 /* Release */,
			);
			defaultConfigurationIsVisible = 0;
			defaultConfigurationName = Release;
		};
/* End XCConfigurationList section */

/* Begin XCRemoteSwiftPackageReference section */
		632FA1FD28DE211E00850BD4 /* XCRemoteSwiftPackageReference "Swift-JWT" */ = {
			isa = XCRemoteSwiftPackageReference;
			repositoryURL = "https://github.com/Kitura/Swift-JWT.git";
			requirement = {
				kind = upToNextMajorVersion;
				minimumVersion = 3.0.0;
			};
		};
		632FA20228DE337C00850BD4 /* XCRemoteSwiftPackageReference "Alamofire" */ = {
			isa = XCRemoteSwiftPackageReference;
			repositoryURL = "https://github.com/Alamofire/Alamofire.git";
			requirement = {
				kind = upToNextMajorVersion;
				minimumVersion = 5.0.0;
			};
		};
		63A9C35628DE8B640016E417 /* XCRemoteSwiftPackageReference "ViewInspector" */ = {
			isa = XCRemoteSwiftPackageReference;
			repositoryURL = "https://github.com/nalexn/ViewInspector";
			requirement = {
				kind = exactVersion;
				version = 0.9.1;
			};
		};
/* End XCRemoteSwiftPackageReference section */

/* Begin XCSwiftPackageProductDependency section */
		632FA1FE28DE211E00850BD4 /* SwiftJWT */ = {
			isa = XCSwiftPackageProductDependency;
			package = 632FA1FD28DE211E00850BD4 /* XCRemoteSwiftPackageReference "Swift-JWT" */;
			productName = SwiftJWT;
		};
		632FA20328DE337C00850BD4 /* Alamofire */ = {
			isa = XCSwiftPackageProductDependency;
			package = 632FA20228DE337C00850BD4 /* XCRemoteSwiftPackageReference "Alamofire" */;
			productName = Alamofire;
		};
		63A9C35728DE8B640016E417 /* ViewInspector */ = {
			isa = XCSwiftPackageProductDependency;
			package = 63A9C35628DE8B640016E417 /* XCRemoteSwiftPackageReference "ViewInspector" */;
			productName = ViewInspector;
		};
/* End XCSwiftPackageProductDependency section */
	};
	rootObject = 632FA1CE28DDEFD600850BD4 /* Project object */;
}
